{
  "name": "js-intl",
  "lockfileVersion": 3,
  "requires": true,
  "packages": {
    "": {
      "devDependencies": {
        "@formatjs/intl-durationformat": "^0.7.2"
      }
    },
    "node_modules/@formatjs/ecma402-abstract": {
      "version": "2.3.2",
      "resolved": "https://registry.npmjs.org/@formatjs/ecma402-abstract/-/ecma402-abstract-2.3.2.tgz",
      "integrity": "sha512-6sE5nyvDloULiyOMbOTJEEgWL32w+VHkZQs8S02Lnn8Y/O5aQhjOEXwWzvR7SsBE/exxlSpY2EsWZgqHbtLatg==",
      "dev": true,
      "dependencies": {
        "@formatjs/fast-memoize": "2.2.6",
        "@formatjs/intl-localematcher": "0.5.10",
        "decimal.js": "10",
        "tslib": "2"
      }
    },
    "node_modules/@formatjs/fast-memoize": {
      "version": "2.2.6",
      "resolved": "https://registry.npmjs.org/@formatjs/fast-memoize/-/fast-memoize-2.2.6.tgz",
      "integrity": "sha512-luIXeE2LJbQnnzotY1f2U2m7xuQNj2DA8Vq4ce1BY9ebRZaoPB1+8eZ6nXpLzsxuW5spQxr7LdCg+CApZwkqkw==",
      "dev": true,
      "dependencies": {
        "tslib": "2"
      }
    },
    "node_modules/@formatjs/intl-durationformat": {
      "version": "0.7.2",
      "resolved": "https://registry.npmjs.org/@formatjs/intl-durationformat/-/intl-durationformat-0.7.2.tgz",
      "integrity": "sha512-GTO67hNFJOv7g3nOEpSJ+0CN0VHI/GvIfv0sTfTjl30aGN4oGV7SEo2IKCQe3NbPTAYUcCRCzKa5+vAW3crS5w==",
      "dev": true,
      "dependencies": {
        "@formatjs/ecma402-abstract": "2.3.2",
        "@formatjs/intl-localematcher": "0.5.10",
        "tslib": "2"
      }
    },
    "node_modules/@formatjs/intl-localematcher": {
      "version": "0.5.10",
      "resolved": "https://registry.npmjs.org/@formatjs/intl-localematcher/-/intl-localematcher-0.5.10.tgz",
      "integrity": "sha512-af3qATX+m4Rnd9+wHcjJ4w2ijq+rAVP3CCinJQvFv1kgSu1W6jypUmvleJxcewdxmutM8dmIRZFxO/IQBZmP2Q==",
      "dev": true,
      "dependencies": {
        "tslib": "2"
      }
    },
    "node_modules/decimal.js": {
      "version": "10.4.3",
      "resolved": "https://registry.npmjs.org/decimal.js/-/decimal.js-10.4.3.tgz",
      "integrity": "sha512-VBBaLc1MgL5XpzgIP7ny5Z6Nx3UrRkIViUkPUdtl9aya5amy3De1gsUUSB1g3+3sExYNjCAsAznmukyxCb1GRA==",
      "dev": true
    },
    "node_modules/tslib": {
      "version": "2.8.1",
      "resolved": "https://registry.npmjs.org/tslib/-/tslib-2.8.1.tgz",
      "integrity": "sha512-oJFu94HQb+KVduSUQL7wnpmqnfmLsOA/nAh6b6EH0wCEoK0/mPeXU6c3wKDV83MkOuHPRHtSXKKU99IBazS/2w==",
      "dev": true
    }
  }
}
